
Microsoft Visual Studio Solution File, Format Version 12.00
# Visual Studio Version 16
VisualStudioVersion = 16.0.30907.101
MinimumVisualStudioVersion = 10.0.40219.1
Project("{FAE04EC0-301F-11D3-BF4B-00C04F79EFBC}") = "navercafe crawler", "navercafe crawler\navercafe crawler.csproj", "{EF71627D-3207-4D3B-9671-7E00D8E949CF}"
EndProject
Global
	GlobalSection(SolutionConfigurationPlatforms) = preSolution
		Debug|Any CPU = Debug|Any CPU
		Release|Any CPU = Release|Any CPU
	EndGlobalSection
	GlobalSection(ProjectConfigurationPlatforms) = postSolution
		{EF71627D-3207-4D3B-9671-7E00D8E949CF}.Debug|Any CPU.ActiveCfg = Debug|Any CPU
		{EF71627D-3207-4D3B-9671-7E00D8E949CF}.Debug|Any CPU.Build.0 = Debug|Any CPU
		{EF71627D-3207-4D3B-9671-7E00D8E949CF}.Release|Any CPU.ActiveCfg = Release|Any CPU
		{EF71627D-3207-4D3B-9671-7E00D8E949CF}.Release|Any CPU.Build.0 = Release|Any CPU
	EndGlobalSection
	GlobalSection(SolutionProperties) = preSolution
		HideSolutionNode = FALSE
	EndGlobalSection
	GlobalSection(ExtensibilityGlobals) = postSolution
		SolutionGuid = {FFC61ABA-2961-4014-8682-08FC261F383F}
	EndGlobalSection
EndGlobal
