
Microsoft Visual Studio Solution File, Format Version 12.00
# Visual Studio Version 16
VisualStudioVersion = 16.0.31321.278
MinimumVisualStudioVersion = 10.0.40219.1
Project("{FAE04EC0-301F-11D3-BF4B-00C04F79EFBC}") = "unity test.Server", "unity test\Server\unity test.Server.csproj", "{CDD33642-1D43-4515-870C-D110C5588047}"
EndProject
Project("{FAE04EC0-301F-11D3-BF4B-00C04F79EFBC}") = "unity test.Client", "unity test\Client\unity test.Client.csproj", "{3D6F9243-8E93-447E-83F8-D7BBAB0F1942}"
EndProject
Project("{FAE04EC0-301F-11D3-BF4B-00C04F79EFBC}") = "unity test.Shared", "unity test\Shared\unity test.Shared.csproj", "{029589AE-F590-426F-83B1-BEBD98AAAD90}"
EndProject
Global
	GlobalSection(SolutionConfigurationPlatforms) = preSolution
		Debug|Any CPU = Debug|Any CPU
		Release|Any CPU = Release|Any CPU
	EndGlobalSection
	GlobalSection(ProjectConfigurationPlatforms) = postSolution
		{CDD33642-1D43-4515-870C-D110C5588047}.Debug|Any CPU.ActiveCfg = Debug|Any CPU
		{CDD33642-1D43-4515-870C-D110C5588047}.Debug|Any CPU.Build.0 = Debug|Any CPU
		{CDD33642-1D43-4515-870C-D110C5588047}.Release|Any CPU.ActiveCfg = Release|Any CPU
		{CDD33642-1D43-4515-870C-D110C5588047}.Release|Any CPU.Build.0 = Release|Any CPU
		{3D6F9243-8E93-447E-83F8-D7BBAB0F1942}.Debug|Any CPU.ActiveCfg = Debug|Any CPU
		{3D6F9243-8E93-447E-83F8-D7BBAB0F1942}.Debug|Any CPU.Build.0 = Debug|Any CPU
		{3D6F9243-8E93-447E-83F8-D7BBAB0F1942}.Release|Any CPU.ActiveCfg = Release|Any CPU
		{3D6F9243-8E93-447E-83F8-D7BBAB0F1942}.Release|Any CPU.Build.0 = Release|Any CPU
		{029589AE-F590-426F-83B1-BEBD98AAAD90}.Debug|Any CPU.ActiveCfg = Debug|Any CPU
		{029589AE-F590-426F-83B1-BEBD98AAAD90}.Debug|Any CPU.Build.0 = Debug|Any CPU
		{029589AE-F590-426F-83B1-BEBD98AAAD90}.Release|Any CPU.ActiveCfg = Release|Any CPU
		{029589AE-F590-426F-83B1-BEBD98AAAD90}.Release|Any CPU.Build.0 = Release|Any CPU
	EndGlobalSection
	GlobalSection(SolutionProperties) = preSolution
		HideSolutionNode = FALSE
	EndGlobalSection
	GlobalSection(ExtensibilityGlobals) = postSolution
		SolutionGuid = {D684A342-64A5-4924-A77C-889569023E0E}
	EndGlobalSection
EndGlobal
