
Microsoft Visual Studio Solution File, Format Version 12.00
# Visual Studio Version 16
VisualStudioVersion = 16.0.29503.13
MinimumVisualStudioVersion = 10.0.40219.1
Project("{FAE04EC0-301F-11D3-BF4B-00C04F79EFBC}") = "Material Design Test", "Material Design Test\Material Design Test.csproj", "{81BD0C41-8B25-403D-9F9F-E854F7E2DBDB}"
EndProject
Global
	GlobalSection(SolutionConfigurationPlatforms) = preSolution
		Debug|Any CPU = Debug|Any CPU
		Release|Any CPU = Release|Any CPU
	EndGlobalSection
	GlobalSection(ProjectConfigurationPlatforms) = postSolution
		{81BD0C41-8B25-403D-9F9F-E854F7E2DBDB}.Debug|Any CPU.ActiveCfg = Debug|Any CPU
		{81BD0C41-8B25-403D-9F9F-E854F7E2DBDB}.Debug|Any CPU.Build.0 = Debug|Any CPU
		{81BD0C41-8B25-403D-9F9F-E854F7E2DBDB}.Release|Any CPU.ActiveCfg = Release|Any CPU
		{81BD0C41-8B25-403D-9F9F-E854F7E2DBDB}.Release|Any CPU.Build.0 = Release|Any CPU
	EndGlobalSection
	GlobalSection(SolutionProperties) = preSolution
		HideSolutionNode = FALSE
	EndGlobalSection
	GlobalSection(ExtensibilityGlobals) = postSolution
		SolutionGuid = {E0934CB5-D79B-4D60-82FE-32B0D256FEA7}
	EndGlobalSection
EndGlobal
