
Microsoft Visual Studio Solution File, Format Version 12.00
# Visual Studio 15
VisualStudioVersion = 15.0.27703.2042
MinimumVisualStudioVersion = 10.0.40219.1
Project("{8BC9CEB8-8B4A-11D0-8D11-00A0C91BC942}") = "리듬 파라미터 조작 유틸", "리듬 파라미터 조작 유틸\리듬 파라미터 조작 유틸.vcxproj", "{696E1345-610E-458A-926C-333A07E70A4A}"
EndProject
Global
	GlobalSection(SolutionConfigurationPlatforms) = preSolution
		Debug|x64 = Debug|x64
		Debug|x86 = Debug|x86
		Release|x64 = Release|x64
		Release|x86 = Release|x86
	EndGlobalSection
	GlobalSection(ProjectConfigurationPlatforms) = postSolution
		{696E1345-610E-458A-926C-333A07E70A4A}.Debug|x64.ActiveCfg = Debug|x64
		{696E1345-610E-458A-926C-333A07E70A4A}.Debug|x64.Build.0 = Debug|x64
		{696E1345-610E-458A-926C-333A07E70A4A}.Debug|x86.ActiveCfg = Debug|Win32
		{696E1345-610E-458A-926C-333A07E70A4A}.Debug|x86.Build.0 = Debug|Win32
		{696E1345-610E-458A-926C-333A07E70A4A}.Release|x64.ActiveCfg = Release|x64
		{696E1345-610E-458A-926C-333A07E70A4A}.Release|x64.Build.0 = Release|x64
		{696E1345-610E-458A-926C-333A07E70A4A}.Release|x86.ActiveCfg = Release|Win32
		{696E1345-610E-458A-926C-333A07E70A4A}.Release|x86.Build.0 = Release|Win32
	EndGlobalSection
	GlobalSection(SolutionProperties) = preSolution
		HideSolutionNode = FALSE
	EndGlobalSection
	GlobalSection(ExtensibilityGlobals) = postSolution
		SolutionGuid = {DE3615CE-F41A-4E8A-8C62-E35D3D81CA99}
	EndGlobalSection
EndGlobal
