
Microsoft Visual Studio Solution File, Format Version 12.00
# Visual Studio Version 16
VisualStudioVersion = 16.0.29326.143
MinimumVisualStudioVersion = 10.0.40219.1
Project("{FAE04EC0-301F-11D3-BF4B-00C04F79EFBC}") = "리듬 군전세객차 알리미", "리듬 군전세객차 알리미\리듬 군전세객차 알리미.csproj", "{28503381-11B8-4A0C-850F-F6A766059B64}"
EndProject
Global
	GlobalSection(SolutionConfigurationPlatforms) = preSolution
		Debug|Any CPU = Debug|Any CPU
		Release|Any CPU = Release|Any CPU
	EndGlobalSection
	GlobalSection(ProjectConfigurationPlatforms) = postSolution
		{28503381-11B8-4A0C-850F-F6A766059B64}.Debug|Any CPU.ActiveCfg = Debug|Any CPU
		{28503381-11B8-4A0C-850F-F6A766059B64}.Debug|Any CPU.Build.0 = Debug|Any CPU
		{28503381-11B8-4A0C-850F-F6A766059B64}.Release|Any CPU.ActiveCfg = Release|Any CPU
		{28503381-11B8-4A0C-850F-F6A766059B64}.Release|Any CPU.Build.0 = Release|Any CPU
	EndGlobalSection
	GlobalSection(SolutionProperties) = preSolution
		HideSolutionNode = FALSE
	EndGlobalSection
	GlobalSection(ExtensibilityGlobals) = postSolution
		SolutionGuid = {AC304C3C-CB44-40C1-9AB8-7B5FF40764A5}
	EndGlobalSection
EndGlobal
