
Microsoft Visual Studio Solution File, Format Version 12.00
# Visual Studio Version 16
VisualStudioVersion = 16.0.30907.101
MinimumVisualStudioVersion = 10.0.40219.1
Project("{FAE04EC0-301F-11D3-BF4B-00C04F79EFBC}") = "imap server", "imap server\imap server.csproj", "{0BE9FD32-5D0B-4628-A063-09CBE4F3193E}"
EndProject
Project("{FAE04EC0-301F-11D3-BF4B-00C04F79EFBC}") = "imap client", "imap client\imap client.csproj", "{32577B71-81C9-4453-9F5B-B6DCD4F98F31}"
EndProject
Global
	GlobalSection(SolutionConfigurationPlatforms) = preSolution
		Debug|Any CPU = Debug|Any CPU
		Release|Any CPU = Release|Any CPU
	EndGlobalSection
	GlobalSection(ProjectConfigurationPlatforms) = postSolution
		{0BE9FD32-5D0B-4628-A063-09CBE4F3193E}.Debug|Any CPU.ActiveCfg = Debug|Any CPU
		{0BE9FD32-5D0B-4628-A063-09CBE4F3193E}.Debug|Any CPU.Build.0 = Debug|Any CPU
		{0BE9FD32-5D0B-4628-A063-09CBE4F3193E}.Release|Any CPU.ActiveCfg = Release|Any CPU
		{0BE9FD32-5D0B-4628-A063-09CBE4F3193E}.Release|Any CPU.Build.0 = Release|Any CPU
		{32577B71-81C9-4453-9F5B-B6DCD4F98F31}.Debug|Any CPU.ActiveCfg = Debug|Any CPU
		{32577B71-81C9-4453-9F5B-B6DCD4F98F31}.Debug|Any CPU.Build.0 = Debug|Any CPU
		{32577B71-81C9-4453-9F5B-B6DCD4F98F31}.Release|Any CPU.ActiveCfg = Release|Any CPU
		{32577B71-81C9-4453-9F5B-B6DCD4F98F31}.Release|Any CPU.Build.0 = Release|Any CPU
	EndGlobalSection
	GlobalSection(SolutionProperties) = preSolution
		HideSolutionNode = FALSE
	EndGlobalSection
	GlobalSection(ExtensibilityGlobals) = postSolution
		SolutionGuid = {4929C798-E321-4515-A050-13EA755DECC2}
	EndGlobalSection
EndGlobal
