
Microsoft Visual Studio Solution File, Format Version 12.00
# Visual Studio Version 16
VisualStudioVersion = 16.0.31205.134
MinimumVisualStudioVersion = 10.0.40219.1
Project("{FAE04EC0-301F-11D3-BF4B-00C04F79EFBC}") = "DcinsideCleaner", "DcinsideCleaner\DcinsideCleaner.csproj", "{624A64C5-4848-4AB6-B1F2-2117EDC7BB52}"
EndProject
Global
	GlobalSection(SolutionConfigurationPlatforms) = preSolution
		Debug|Any CPU = Debug|Any CPU
		Release|Any CPU = Release|Any CPU
	EndGlobalSection
	GlobalSection(ProjectConfigurationPlatforms) = postSolution
		{624A64C5-4848-4AB6-B1F2-2117EDC7BB52}.Debug|Any CPU.ActiveCfg = Debug|Any CPU
		{624A64C5-4848-4AB6-B1F2-2117EDC7BB52}.Debug|Any CPU.Build.0 = Debug|Any CPU
		{624A64C5-4848-4AB6-B1F2-2117EDC7BB52}.Release|Any CPU.ActiveCfg = Release|Any CPU
		{624A64C5-4848-4AB6-B1F2-2117EDC7BB52}.Release|Any CPU.Build.0 = Release|Any CPU
	EndGlobalSection
	GlobalSection(SolutionProperties) = preSolution
		HideSolutionNode = FALSE
	EndGlobalSection
	GlobalSection(ExtensibilityGlobals) = postSolution
		SolutionGuid = {655E96DB-E842-4301-A8F3-56CF886655BA}
	EndGlobalSection
EndGlobal
