
Microsoft Visual Studio Solution File, Format Version 12.00
# Visual Studio Version 16
VisualStudioVersion = 16.0.30002.166
MinimumVisualStudioVersion = 10.0.40219.1
Project("{FAE04EC0-301F-11D3-BF4B-00C04F79EFBC}") = "BlazorApp1.Server", "BlazorApp1\Server\BlazorApp1.Server.csproj", "{F6879507-A20F-4289-9A4A-D500527B6563}"
EndProject
Project("{FAE04EC0-301F-11D3-BF4B-00C04F79EFBC}") = "BlazorApp1.Client", "BlazorApp1\Client\BlazorApp1.Client.csproj", "{D463C4A8-B8C2-49C1-9B8C-18127E9B917C}"
EndProject
Project("{FAE04EC0-301F-11D3-BF4B-00C04F79EFBC}") = "BlazorApp1.Shared", "BlazorApp1\Shared\BlazorApp1.Shared.csproj", "{304924D1-8C2D-4CB5-8A2F-26C2904E481A}"
EndProject
Global
	GlobalSection(SolutionConfigurationPlatforms) = preSolution
		Debug|Any CPU = Debug|Any CPU
		Release|Any CPU = Release|Any CPU
	EndGlobalSection
	GlobalSection(ProjectConfigurationPlatforms) = postSolution
		{F6879507-A20F-4289-9A4A-D500527B6563}.Debug|Any CPU.ActiveCfg = Debug|Any CPU
		{F6879507-A20F-4289-9A4A-D500527B6563}.Debug|Any CPU.Build.0 = Debug|Any CPU
		{F6879507-A20F-4289-9A4A-D500527B6563}.Release|Any CPU.ActiveCfg = Release|Any CPU
		{F6879507-A20F-4289-9A4A-D500527B6563}.Release|Any CPU.Build.0 = Release|Any CPU
		{D463C4A8-B8C2-49C1-9B8C-18127E9B917C}.Debug|Any CPU.ActiveCfg = Debug|Any CPU
		{D463C4A8-B8C2-49C1-9B8C-18127E9B917C}.Debug|Any CPU.Build.0 = Debug|Any CPU
		{D463C4A8-B8C2-49C1-9B8C-18127E9B917C}.Release|Any CPU.ActiveCfg = Release|Any CPU
		{D463C4A8-B8C2-49C1-9B8C-18127E9B917C}.Release|Any CPU.Build.0 = Release|Any CPU
		{304924D1-8C2D-4CB5-8A2F-26C2904E481A}.Debug|Any CPU.ActiveCfg = Debug|Any CPU
		{304924D1-8C2D-4CB5-8A2F-26C2904E481A}.Debug|Any CPU.Build.0 = Debug|Any CPU
		{304924D1-8C2D-4CB5-8A2F-26C2904E481A}.Release|Any CPU.ActiveCfg = Release|Any CPU
		{304924D1-8C2D-4CB5-8A2F-26C2904E481A}.Release|Any CPU.Build.0 = Release|Any CPU
	EndGlobalSection
	GlobalSection(SolutionProperties) = preSolution
		HideSolutionNode = FALSE
	EndGlobalSection
	GlobalSection(ExtensibilityGlobals) = postSolution
		SolutionGuid = {F3D2B93A-2F01-4A15-8152-A3AEA581F10E}
	EndGlobalSection
EndGlobal
