
Microsoft Visual Studio Solution File, Format Version 12.00
# Visual Studio Version 16
VisualStudioVersion = 16.0.29905.134
MinimumVisualStudioVersion = 10.0.40219.1
Project("{FAE04EC0-301F-11D3-BF4B-00C04F79EFBC}") = "멜론 로그인", "멜론 로그인\멜론 로그인.csproj", "{5C808C95-7A8A-44DC-B09E-A0332FADD695}"
EndProject
Global
	GlobalSection(SolutionConfigurationPlatforms) = preSolution
		Debug|Any CPU = Debug|Any CPU
		Release|Any CPU = Release|Any CPU
	EndGlobalSection
	GlobalSection(ProjectConfigurationPlatforms) = postSolution
		{5C808C95-7A8A-44DC-B09E-A0332FADD695}.Debug|Any CPU.ActiveCfg = Debug|Any CPU
		{5C808C95-7A8A-44DC-B09E-A0332FADD695}.Debug|Any CPU.Build.0 = Debug|Any CPU
		{5C808C95-7A8A-44DC-B09E-A0332FADD695}.Release|Any CPU.ActiveCfg = Release|Any CPU
		{5C808C95-7A8A-44DC-B09E-A0332FADD695}.Release|Any CPU.Build.0 = Release|Any CPU
	EndGlobalSection
	GlobalSection(SolutionProperties) = preSolution
		HideSolutionNode = FALSE
	EndGlobalSection
	GlobalSection(ExtensibilityGlobals) = postSolution
		SolutionGuid = {AF306E32-E5D5-455F-AE4F-60FA96A28DE0}
	EndGlobalSection
EndGlobal
