
Microsoft Visual Studio Solution File, Format Version 12.00
# Visual Studio Version 16
VisualStudioVersion = 16.0.28803.202
MinimumVisualStudioVersion = 10.0.40219.1
Project("{FAE04EC0-301F-11D3-BF4B-00C04F79EFBC}") = "리듬 메이플 BGM 플레이어", "리듬 메이플 BGM 플레이어\리듬 메이플 BGM 플레이어.csproj", "{58A3D654-6B0C-476D-9CA7-DCA346CD0451}"
EndProject
Global
	GlobalSection(SolutionConfigurationPlatforms) = preSolution
		Debug|Any CPU = Debug|Any CPU
		Release|Any CPU = Release|Any CPU
	EndGlobalSection
	GlobalSection(ProjectConfigurationPlatforms) = postSolution
		{58A3D654-6B0C-476D-9CA7-DCA346CD0451}.Debug|Any CPU.ActiveCfg = Debug|Any CPU
		{58A3D654-6B0C-476D-9CA7-DCA346CD0451}.Debug|Any CPU.Build.0 = Debug|Any CPU
		{58A3D654-6B0C-476D-9CA7-DCA346CD0451}.Release|Any CPU.ActiveCfg = Release|Any CPU
		{58A3D654-6B0C-476D-9CA7-DCA346CD0451}.Release|Any CPU.Build.0 = Release|Any CPU
	EndGlobalSection
	GlobalSection(SolutionProperties) = preSolution
		HideSolutionNode = FALSE
	EndGlobalSection
	GlobalSection(ExtensibilityGlobals) = postSolution
		SolutionGuid = {FD15BDF8-3397-4AC2-B424-2967054CC902}
	EndGlobalSection
EndGlobal
