
Microsoft Visual Studio Solution File, Format Version 12.00
# Visual Studio Version 16
VisualStudioVersion = 16.0.30204.135
MinimumVisualStudioVersion = 10.0.40219.1
Project("{FAE04EC0-301F-11D3-BF4B-00C04F79EFBC}") = "예은아씨", "예은아씨\예은아씨.csproj", "{68E3D230-A76B-4C3A-AEF8-0901110C16EC}"
EndProject
Global
	GlobalSection(SolutionConfigurationPlatforms) = preSolution
		Debug|Any CPU = Debug|Any CPU
		Release|Any CPU = Release|Any CPU
	EndGlobalSection
	GlobalSection(ProjectConfigurationPlatforms) = postSolution
		{68E3D230-A76B-4C3A-AEF8-0901110C16EC}.Debug|Any CPU.ActiveCfg = Debug|Any CPU
		{68E3D230-A76B-4C3A-AEF8-0901110C16EC}.Debug|Any CPU.Build.0 = Debug|Any CPU
		{68E3D230-A76B-4C3A-AEF8-0901110C16EC}.Release|Any CPU.ActiveCfg = Release|Any CPU
		{68E3D230-A76B-4C3A-AEF8-0901110C16EC}.Release|Any CPU.Build.0 = Release|Any CPU
	EndGlobalSection
	GlobalSection(SolutionProperties) = preSolution
		HideSolutionNode = FALSE
	EndGlobalSection
	GlobalSection(ExtensibilityGlobals) = postSolution
		SolutionGuid = {2B9E70D8-2E12-4609-A0C5-420589B596F4}
	EndGlobalSection
EndGlobal
