
Microsoft Visual Studio Solution File, Format Version 12.00
# Visual Studio 14
VisualStudioVersion = 14.0.25123.0
MinimumVisualStudioVersion = 10.0.40219.1
Project("{FAE04EC0-301F-11D3-BF4B-00C04F79EFBC}") = "리듬 DC 맞춤법 봇", "리듬 DC 맞춤법 봇\리듬 DC 맞춤법 봇.csproj", "{03AA9F01-1F0E-43F5-A58C-03DE91F3DC12}"
EndProject
Global
	GlobalSection(SolutionConfigurationPlatforms) = preSolution
		Debug|Any CPU = Debug|Any CPU
		Release|Any CPU = Release|Any CPU
	EndGlobalSection
	GlobalSection(ProjectConfigurationPlatforms) = postSolution
		{03AA9F01-1F0E-43F5-A58C-03DE91F3DC12}.Debug|Any CPU.ActiveCfg = Debug|Any CPU
		{03AA9F01-1F0E-43F5-A58C-03DE91F3DC12}.Debug|Any CPU.Build.0 = Debug|Any CPU
		{03AA9F01-1F0E-43F5-A58C-03DE91F3DC12}.Release|Any CPU.ActiveCfg = Release|Any CPU
		{03AA9F01-1F0E-43F5-A58C-03DE91F3DC12}.Release|Any CPU.Build.0 = Release|Any CPU
	EndGlobalSection
	GlobalSection(SolutionProperties) = preSolution
		HideSolutionNode = FALSE
	EndGlobalSection
EndGlobal
