
Microsoft Visual Studio Solution File, Format Version 12.00
# Visual Studio Version 16
VisualStudioVersion = 16.0.29519.87
MinimumVisualStudioVersion = 10.0.40219.1
Project("{FAE04EC0-301F-11D3-BF4B-00C04F79EFBC}") = "genetic_algorithm", "genetic_algorithm\genetic_algorithm.csproj", "{AD1368DD-8196-4456-B84B-DDC73907B66C}"
EndProject
Global
	GlobalSection(SolutionConfigurationPlatforms) = preSolution
		Debug|Any CPU = Debug|Any CPU
		Release|Any CPU = Release|Any CPU
	EndGlobalSection
	GlobalSection(ProjectConfigurationPlatforms) = postSolution
		{AD1368DD-8196-4456-B84B-DDC73907B66C}.Debug|Any CPU.ActiveCfg = Debug|Any CPU
		{AD1368DD-8196-4456-B84B-DDC73907B66C}.Debug|Any CPU.Build.0 = Debug|Any CPU
		{AD1368DD-8196-4456-B84B-DDC73907B66C}.Release|Any CPU.ActiveCfg = Release|Any CPU
		{AD1368DD-8196-4456-B84B-DDC73907B66C}.Release|Any CPU.Build.0 = Release|Any CPU
	EndGlobalSection
	GlobalSection(SolutionProperties) = preSolution
		HideSolutionNode = FALSE
	EndGlobalSection
	GlobalSection(ExtensibilityGlobals) = postSolution
		SolutionGuid = {CACCEE6A-CA6C-4141-B1E5-270084965F1C}
	EndGlobalSection
EndGlobal
