
Microsoft Visual Studio Solution File, Format Version 12.00
# Visual Studio Version 16
VisualStudioVersion = 16.0.30406.217
MinimumVisualStudioVersion = 10.0.40219.1
Project("{9A19103F-16F7-4668-BE54-9A1E7A4F7556}") = "aws_lambda2", "aws_lambda2\aws_lambda2.csproj", "{F6C8CE3B-E8AA-44D1-94C2-832F63133B84}"
EndProject
Global
	GlobalSection(SolutionConfigurationPlatforms) = preSolution
		Debug|Any CPU = Debug|Any CPU
		Release|Any CPU = Release|Any CPU
	EndGlobalSection
	GlobalSection(ProjectConfigurationPlatforms) = postSolution
		{F6C8CE3B-E8AA-44D1-94C2-832F63133B84}.Debug|Any CPU.ActiveCfg = Debug|Any CPU
		{F6C8CE3B-E8AA-44D1-94C2-832F63133B84}.Debug|Any CPU.Build.0 = Debug|Any CPU
		{F6C8CE3B-E8AA-44D1-94C2-832F63133B84}.Release|Any CPU.ActiveCfg = Release|Any CPU
		{F6C8CE3B-E8AA-44D1-94C2-832F63133B84}.Release|Any CPU.Build.0 = Release|Any CPU
	EndGlobalSection
	GlobalSection(SolutionProperties) = preSolution
		HideSolutionNode = FALSE
	EndGlobalSection
	GlobalSection(ExtensibilityGlobals) = postSolution
		SolutionGuid = {44850FB8-27D2-48C5-80FF-51E84064C2A3}
	EndGlobalSection
EndGlobal
